
Microsoft Visual Studio Solution File, Format Version 12.00
# Visual Studio Version 17
VisualStudioVersion = 17.7.34018.315
MinimumVisualStudioVersion = 10.0.40219.1
Project("{FAE04EC0-301F-11D3-BF4B-00C04F79EFBC}") = "Assisgnment__15", "Assisgnment__15\Assisgnment__15.csproj", "{1856E821-6AE6-429A-8B53-E49DE03DA157}"
EndProject
Global
	GlobalSection(SolutionConfigurationPlatforms) = preSolution
		Debug|Any CPU = Debug|Any CPU
		Release|Any CPU = Release|Any CPU
	EndGlobalSection
	GlobalSection(ProjectConfigurationPlatforms) = postSolution
		{1856E821-6AE6-429A-8B53-E49DE03DA157}.Debug|Any CPU.ActiveCfg = Debug|Any CPU
		{1856E821-6AE6-429A-8B53-E49DE03DA157}.Debug|Any CPU.Build.0 = Debug|Any CPU
		{1856E821-6AE6-429A-8B53-E49DE03DA157}.Release|Any CPU.ActiveCfg = Release|Any CPU
		{1856E821-6AE6-429A-8B53-E49DE03DA157}.Release|Any CPU.Build.0 = Release|Any CPU
	EndGlobalSection
	GlobalSection(SolutionProperties) = preSolution
		HideSolutionNode = FALSE
	EndGlobalSection
	GlobalSection(ExtensibilityGlobals) = postSolution
		SolutionGuid = {0A5772EA-0306-4FFE-9F00-9F29B62AAD81}
	EndGlobalSection
EndGlobal
